
Microsoft Visual Studio Solution File, Format Version 12.00
# Visual Studio 15
VisualStudioVersion = 15.0.27428.2015
MinimumVisualStudioVersion = 10.0.40219.1
Project("{FAE04EC0-301F-11D3-BF4B-00C04F79EFBC}") = "App01_ConsultarCEP.Android", "App01_ConsultarCEP\App01_ConsultarCEP.Android\App01_ConsultarCEP.Android.csproj", "{1BC29FB3-9812-4284-93C8-9DD1ED18AC17}"
EndProject
Project("{FAE04EC0-301F-11D3-BF4B-00C04F79EFBC}") = "App01_ConsultarCEP.iOS", "App01_ConsultarCEP\App01_ConsultarCEP.iOS\App01_ConsultarCEP.iOS.csproj", "{661D9F81-8A7C-47C4-8137-16064A2D945C}"
EndProject
Project("{FAE04EC0-301F-11D3-BF4B-00C04F79EFBC}") = "App01_ConsultarCEP.UWP", "App01_ConsultarCEP\App01_ConsultarCEP.UWP\App01_ConsultarCEP.UWP.csproj", "{00A48DFF-2499-445E-B1EC-ED8BA335A6EB}"
EndProject
Project("{FAE04EC0-301F-11D3-BF4B-00C04F79EFBC}") = "App01_ConsultarCEP", "App01_ConsultarCEP\App01_ConsultarCEP\App01_ConsultarCEP.csproj", "{A83C3DB7-5CD0-4733-9FBB-A0215775483B}"
EndProject
Global
	GlobalSection(SolutionConfigurationPlatforms) = preSolution
		Ad-Hoc|Any CPU = Ad-Hoc|Any CPU
		Ad-Hoc|ARM = Ad-Hoc|ARM
		Ad-Hoc|iPhone = Ad-Hoc|iPhone
		Ad-Hoc|iPhoneSimulator = Ad-Hoc|iPhoneSimulator
		Ad-Hoc|x64 = Ad-Hoc|x64
		Ad-Hoc|x86 = Ad-Hoc|x86
		AppStore|Any CPU = AppStore|Any CPU
		AppStore|ARM = AppStore|ARM
		AppStore|iPhone = AppStore|iPhone
		AppStore|iPhoneSimulator = AppStore|iPhoneSimulator
		AppStore|x64 = AppStore|x64
		AppStore|x86 = AppStore|x86
		Debug|Any CPU = Debug|Any CPU
		Debug|ARM = Debug|ARM
		Debug|iPhone = Debug|iPhone
		Debug|iPhoneSimulator = Debug|iPhoneSimulator
		Debug|x64 = Debug|x64
		Debug|x86 = Debug|x86
		Release|Any CPU = Release|Any CPU
		Release|ARM = Release|ARM
		Release|iPhone = Release|iPhone
		Release|iPhoneSimulator = Release|iPhoneSimulator
		Release|x64 = Release|x64
		Release|x86 = Release|x86
	EndGlobalSection
	GlobalSection(ProjectConfigurationPlatforms) = postSolution
		{1BC29FB3-9812-4284-93C8-9DD1ED18AC17}.Ad-Hoc|Any CPU.ActiveCfg = Release|Any CPU
		{1BC29FB3-9812-4284-93C8-9DD1ED18AC17}.Ad-Hoc|Any CPU.Build.0 = Release|Any CPU
		{1BC29FB3-9812-4284-93C8-9DD1ED18AC17}.Ad-Hoc|Any CPU.Deploy.0 = Release|Any CPU
		{1BC29FB3-9812-4284-93C8-9DD1ED18AC17}.Ad-Hoc|ARM.ActiveCfg = Release|Any CPU
		{1BC29FB3-9812-4284-93C8-9DD1ED18AC17}.Ad-Hoc|ARM.Build.0 = Release|Any CPU
		{1BC29FB3-9812-4284-93C8-9DD1ED18AC17}.Ad-Hoc|ARM.Deploy.0 = Release|Any CPU
		{1BC29FB3-9812-4284-93C8-9DD1ED18AC17}.Ad-Hoc|iPhone.ActiveCfg = Release|Any CPU
		{1BC29FB3-9812-4284-93C8-9DD1ED18AC17}.Ad-Hoc|iPhone.Build.0 = Release|Any CPU
		{1BC29FB3-9812-4284-93C8-9DD1ED18AC17}.Ad-Hoc|iPhone.Deploy.0 = Release|Any CPU
		{1BC29FB3-9812-4284-93C8-9DD1ED18AC17}.Ad-Hoc|iPhoneSimulator.ActiveCfg = Release|Any CPU
		{1BC29FB3-9812-4284-93C8-9DD1ED18AC17}.Ad-Hoc|iPhoneSimulator.Build.0 = Release|Any CPU
		{1BC29FB3-9812-4284-93C8-9DD1ED18AC17}.Ad-Hoc|iPhoneSimulator.Deploy.0 = Release|Any CPU
		{1BC29FB3-9812-4284-93C8-9DD1ED18AC17}.Ad-Hoc|x64.ActiveCfg = Release|Any CPU
		{1BC29FB3-9812-4284-93C8-9DD1ED18AC17}.Ad-Hoc|x64.Build.0 = Release|Any CPU
		{1BC29FB3-9812-4284-93C8-9DD1ED18AC17}.Ad-Hoc|x64.Deploy.0 = Release|Any CPU
		{1BC29FB3-9812-4284-93C8-9DD1ED18AC17}.Ad-Hoc|x86.ActiveCfg = Release|Any CPU
		{1BC29FB3-9812-4284-93C8-9DD1ED18AC17}.Ad-Hoc|x86.Build.0 = Release|Any CPU
		{1BC29FB3-9812-4284-93C8-9DD1ED18AC17}.Ad-Hoc|x86.Deploy.0 = Release|Any CPU
		{1BC29FB3-9812-4284-93C8-9DD1ED18AC17}.AppStore|Any CPU.ActiveCfg = Release|Any CPU
		{1BC29FB3-9812-4284-93C8-9DD1ED18AC17}.AppStore|Any CPU.Build.0 = Release|Any CPU
		{1BC29FB3-9812-4284-93C8-9DD1ED18AC17}.AppStore|Any CPU.Deploy.0 = Release|Any CPU
		{1BC29FB3-9812-4284-93C8-9DD1ED18AC17}.AppStore|ARM.ActiveCfg = Release|Any CPU
		{1BC29FB3-9812-4284-93C8-9DD1ED18AC17}.AppStore|ARM.Build.0 = Release|Any CPU
		{1BC29FB3-9812-4284-93C8-9DD1ED18AC17}.AppStore|ARM.Deploy.0 = Release|Any CPU
		{1BC29FB3-9812-4284-93C8-9DD1ED18AC17}.AppStore|iPhone.ActiveCfg = Release|Any CPU
		{1BC29FB3-9812-4284-93C8-9DD1ED18AC17}.AppStore|iPhone.Build.0 = Release|Any CPU
		{1BC29FB3-9812-4284-93C8-9DD1ED18AC17}.AppStore|iPhone.Deploy.0 = Release|Any CPU
		{1BC29FB3-9812-4284-93C8-9DD1ED18AC17}.AppStore|iPhoneSimulator.ActiveCfg = Release|Any CPU
		{1BC29FB3-9812-4284-93C8-9DD1ED18AC17}.AppStore|iPhoneSimulator.Build.0 = Release|Any CPU
		{1BC29FB3-9812-4284-93C8-9DD1ED18AC17}.AppStore|iPhoneSimulator.Deploy.0 = Release|Any CPU
		{1BC29FB3-9812-4284-93C8-9DD1ED18AC17}.AppStore|x64.ActiveCfg = Release|Any CPU
		{1BC29FB3-9812-4284-93C8-9DD1ED18AC17}.AppStore|x64.Build.0 = Release|Any CPU
		{1BC29FB3-9812-4284-93C8-9DD1ED18AC17}.AppStore|x64.Deploy.0 = Release|Any CPU
		{1BC29FB3-9812-4284-93C8-9DD1ED18AC17}.AppStore|x86.ActiveCfg = Release|Any CPU
		{1BC29FB3-9812-4284-93C8-9DD1ED18AC17}.AppStore|x86.Build.0 = Release|Any CPU
		{1BC29FB3-9812-4284-93C8-9DD1ED18AC17}.AppStore|x86.Deploy.0 = Release|Any CPU
		{1BC29FB3-9812-4284-93C8-9DD1ED18AC17}.Debug|Any CPU.ActiveCfg = Debug|Any CPU
		{1BC29FB3-9812-4284-93C8-9DD1ED18AC17}.Debug|Any CPU.Build.0 = Debug|Any CPU
		{1BC29FB3-9812-4284-93C8-9DD1ED18AC17}.Debug|Any CPU.Deploy.0 = Debug|Any CPU
		{1BC29FB3-9812-4284-93C8-9DD1ED18AC17}.Debug|ARM.ActiveCfg = Debug|Any CPU
		{1BC29FB3-9812-4284-93C8-9DD1ED18AC17}.Debug|ARM.Build.0 = Debug|Any CPU
		{1BC29FB3-9812-4284-93C8-9DD1ED18AC17}.Debug|ARM.Deploy.0 = Debug|Any CPU
		{1BC29FB3-9812-4284-93C8-9DD1ED18AC17}.Debug|iPhone.ActiveCfg = Debug|Any CPU
		{1BC29FB3-9812-4284-93C8-9DD1ED18AC17}.Debug|iPhone.Build.0 = Debug|Any CPU
		{1BC29FB3-9812-4284-93C8-9DD1ED18AC17}.Debug|iPhone.Deploy.0 = Debug|Any CPU
		{1BC29FB3-9812-4284-93C8-9DD1ED18AC17}.Debug|iPhoneSimulator.ActiveCfg = Debug|Any CPU
		{1BC29FB3-9812-4284-93C8-9DD1ED18AC17}.Debug|iPhoneSimulator.Build.0 = Debug|Any CPU
		{1BC29FB3-9812-4284-93C8-9DD1ED18AC17}.Debug|iPhoneSimulator.Deploy.0 = Debug|Any CPU
		{1BC29FB3-9812-4284-93C8-9DD1ED18AC17}.Debug|x64.ActiveCfg = Debug|Any CPU
		{1BC29FB3-9812-4284-93C8-9DD1ED18AC17}.Debug|x64.Build.0 = Debug|Any CPU
		{1BC29FB3-9812-4284-93C8-9DD1ED18AC17}.Debug|x64.Deploy.0 = Debug|Any CPU
		{1BC29FB3-9812-4284-93C8-9DD1ED18AC17}.Debug|x86.ActiveCfg = Debug|Any CPU
		{1BC29FB3-9812-4284-93C8-9DD1ED18AC17}.Debug|x86.Build.0 = Debug|Any CPU
		{1BC29FB3-9812-4284-93C8-9DD1ED18AC17}.Debug|x86.Deploy.0 = Debug|Any CPU
		{1BC29FB3-9812-4284-93C8-9DD1ED18AC17}.Release|Any CPU.ActiveCfg = Release|Any CPU
		{1BC29FB3-9812-4284-93C8-9DD1ED18AC17}.Release|Any CPU.Build.0 = Release|Any CPU
		{1BC29FB3-9812-4284-93C8-9DD1ED18AC17}.Release|Any CPU.Deploy.0 = Release|Any CPU
		{1BC29FB3-9812-4284-93C8-9DD1ED18AC17}.Release|ARM.ActiveCfg = Release|Any CPU
		{1BC29FB3-9812-4284-93C8-9DD1ED18AC17}.Release|ARM.Build.0 = Release|Any CPU
		{1BC29FB3-9812-4284-93C8-9DD1ED18AC17}.Release|ARM.Deploy.0 = Release|Any CPU
		{1BC29FB3-9812-4284-93C8-9DD1ED18AC17}.Release|iPhone.ActiveCfg = Release|Any CPU
		{1BC29FB3-9812-4284-93C8-9DD1ED18AC17}.Release|iPhone.Build.0 = Release|Any CPU
		{1BC29FB3-9812-4284-93C8-9DD1ED18AC17}.Release|iPhone.Deploy.0 = Release|Any CPU
		{1BC29FB3-9812-4284-93C8-9DD1ED18AC17}.Release|iPhoneSimulator.ActiveCfg = Release|Any CPU
		{1BC29FB3-9812-4284-93C8-9DD1ED18AC17}.Release|iPhoneSimulator.Build.0 = Release|Any CPU
		{1BC29FB3-9812-4284-93C8-9DD1ED18AC17}.Release|iPhoneSimulator.Deploy.0 = Release|Any CPU
		{1BC29FB3-9812-4284-93C8-9DD1ED18AC17}.Release|x64.ActiveCfg = Release|Any CPU
		{1BC29FB3-9812-4284-93C8-9DD1ED18AC17}.Release|x64.Build.0 = Release|Any CPU
		{1BC29FB3-9812-4284-93C8-9DD1ED18AC17}.Release|x64.Deploy.0 = Release|Any CPU
		{1BC29FB3-9812-4284-93C8-9DD1ED18AC17}.Release|x86.ActiveCfg = Release|Any CPU
		{1BC29FB3-9812-4284-93C8-9DD1ED18AC17}.Release|x86.Build.0 = Release|Any CPU
		{1BC29FB3-9812-4284-93C8-9DD1ED18AC17}.Release|x86.Deploy.0 = Release|Any CPU
		{661D9F81-8A7C-47C4-8137-16064A2D945C}.Ad-Hoc|Any CPU.ActiveCfg = Ad-Hoc|iPhone
		{661D9F81-8A7C-47C4-8137-16064A2D945C}.Ad-Hoc|ARM.ActiveCfg = Ad-Hoc|iPhone
		{661D9F81-8A7C-47C4-8137-16064A2D945C}.Ad-Hoc|iPhone.ActiveCfg = Ad-Hoc|iPhone
		{661D9F81-8A7C-47C4-8137-16064A2D945C}.Ad-Hoc|iPhone.Build.0 = Ad-Hoc|iPhone
		{661D9F81-8A7C-47C4-8137-16064A2D945C}.Ad-Hoc|iPhoneSimulator.ActiveCfg = Ad-Hoc|iPhoneSimulator
		{661D9F81-8A7C-47C4-8137-16064A2D945C}.Ad-Hoc|iPhoneSimulator.Build.0 = Ad-Hoc|iPhoneSimulator
		{661D9F81-8A7C-47C4-8137-16064A2D945C}.Ad-Hoc|x64.ActiveCfg = Ad-Hoc|iPhone
		{661D9F81-8A7C-47C4-8137-16064A2D945C}.Ad-Hoc|x86.ActiveCfg = Ad-Hoc|iPhone
		{661D9F81-8A7C-47C4-8137-16064A2D945C}.AppStore|Any CPU.ActiveCfg = AppStore|iPhone
		{661D9F81-8A7C-47C4-8137-16064A2D945C}.AppStore|ARM.ActiveCfg = AppStore|iPhone
		{661D9F81-8A7C-47C4-8137-16064A2D945C}.AppStore|iPhone.ActiveCfg = AppStore|iPhone
		{661D9F81-8A7C-47C4-8137-16064A2D945C}.AppStore|iPhone.Build.0 = AppStore|iPhone
		{661D9F81-8A7C-47C4-8137-16064A2D945C}.AppStore|iPhoneSimulator.ActiveCfg = AppStore|iPhoneSimulator
		{661D9F81-8A7C-47C4-8137-16064A2D945C}.AppStore|iPhoneSimulator.Build.0 = AppStore|iPhoneSimulator
		{661D9F81-8A7C-47C4-8137-16064A2D945C}.AppStore|x64.ActiveCfg = AppStore|iPhone
		{661D9F81-8A7C-47C4-8137-16064A2D945C}.AppStore|x86.ActiveCfg = AppStore|iPhone
		{661D9F81-8A7C-47C4-8137-16064A2D945C}.Debug|Any CPU.ActiveCfg = Debug|iPhone
		{661D9F81-8A7C-47C4-8137-16064A2D945C}.Debug|ARM.ActiveCfg = Debug|iPhone
		{661D9F81-8A7C-47C4-8137-16064A2D945C}.Debug|iPhone.ActiveCfg = Debug|iPhone
		{661D9F81-8A7C-47C4-8137-16064A2D945C}.Debug|iPhone.Build.0 = Debug|iPhone
		{661D9F81-8A7C-47C4-8137-16064A2D945C}.Debug|iPhoneSimulator.ActiveCfg = Debug|iPhoneSimulator
		{661D9F81-8A7C-47C4-8137-16064A2D945C}.Debug|iPhoneSimulator.Build.0 = Debug|iPhoneSimulator
		{661D9F81-8A7C-47C4-8137-16064A2D945C}.Debug|x64.ActiveCfg = Debug|iPhone
		{661D9F81-8A7C-47C4-8137-16064A2D945C}.Debug|x86.ActiveCfg = Debug|iPhone
		{661D9F81-8A7C-47C4-8137-16064A2D945C}.Release|Any CPU.ActiveCfg = Release|iPhone
		{661D9F81-8A7C-47C4-8137-16064A2D945C}.Release|ARM.ActiveCfg = Release|iPhone
		{661D9F81-8A7C-47C4-8137-16064A2D945C}.Release|iPhone.ActiveCfg = Release|iPhone
		{661D9F81-8A7C-47C4-8137-16064A2D945C}.Release|iPhone.Build.0 = Release|iPhone
		{661D9F81-8A7C-47C4-8137-16064A2D945C}.Release|iPhoneSimulator.ActiveCfg = Release|iPhoneSimulator
		{661D9F81-8A7C-47C4-8137-16064A2D945C}.Release|iPhoneSimulator.Build.0 = Release|iPhoneSimulator
		{661D9F81-8A7C-47C4-8137-16064A2D945C}.Release|x64.ActiveCfg = Release|iPhone
		{661D9F81-8A7C-47C4-8137-16064A2D945C}.Release|x86.ActiveCfg = Release|iPhone
		{00A48DFF-2499-445E-B1EC-ED8BA335A6EB}.Ad-Hoc|Any CPU.ActiveCfg = Release|x86
		{00A48DFF-2499-445E-B1EC-ED8BA335A6EB}.Ad-Hoc|Any CPU.Build.0 = Release|x86
		{00A48DFF-2499-445E-B1EC-ED8BA335A6EB}.Ad-Hoc|Any CPU.Deploy.0 = Release|x86
		{00A48DFF-2499-445E-B1EC-ED8BA335A6EB}.Ad-Hoc|ARM.ActiveCfg = Release|ARM
		{00A48DFF-2499-445E-B1EC-ED8BA335A6EB}.Ad-Hoc|ARM.Build.0 = Release|ARM
		{00A48DFF-2499-445E-B1EC-ED8BA335A6EB}.Ad-Hoc|ARM.Deploy.0 = Release|ARM
		{00A48DFF-2499-445E-B1EC-ED8BA335A6EB}.Ad-Hoc|iPhone.ActiveCfg = Release|x86
		{00A48DFF-2499-445E-B1EC-ED8BA335A6EB}.Ad-Hoc|iPhone.Build.0 = Release|x86
		{00A48DFF-2499-445E-B1EC-ED8BA335A6EB}.Ad-Hoc|iPhone.Deploy.0 = Release|x86
		{00A48DFF-2499-445E-B1EC-ED8BA335A6EB}.Ad-Hoc|iPhoneSimulator.ActiveCfg = Release|x86
		{00A48DFF-2499-445E-B1EC-ED8BA335A6EB}.Ad-Hoc|iPhoneSimulator.Build.0 = Release|x86
		{00A48DFF-2499-445E-B1EC-ED8BA335A6EB}.Ad-Hoc|iPhoneSimulator.Deploy.0 = Release|x86
		{00A48DFF-2499-445E-B1EC-ED8BA335A6EB}.Ad-Hoc|x64.ActiveCfg = Release|x64
		{00A48DFF-2499-445E-B1EC-ED8BA335A6EB}.Ad-Hoc|x64.Build.0 = Release|x64
		{00A48DFF-2499-445E-B1EC-ED8BA335A6EB}.Ad-Hoc|x64.Deploy.0 = Release|x64
		{00A48DFF-2499-445E-B1EC-ED8BA335A6EB}.Ad-Hoc|x86.ActiveCfg = Release|x86
		{00A48DFF-2499-445E-B1EC-ED8BA335A6EB}.Ad-Hoc|x86.Build.0 = Release|x86
		{00A48DFF-2499-445E-B1EC-ED8BA335A6EB}.Ad-Hoc|x86.Deploy.0 = Release|x86
		{00A48DFF-2499-445E-B1EC-ED8BA335A6EB}.AppStore|Any CPU.ActiveCfg = Release|x86
		{00A48DFF-2499-445E-B1EC-ED8BA335A6EB}.AppStore|Any CPU.Build.0 = Release|x86
		{00A48DFF-2499-445E-B1EC-ED8BA335A6EB}.AppStore|Any CPU.Deploy.0 = Release|x86
		{00A48DFF-2499-445E-B1EC-ED8BA335A6EB}.AppStore|ARM.ActiveCfg = Release|ARM
		{00A48DFF-2499-445E-B1EC-ED8BA335A6EB}.AppStore|ARM.Build.0 = Release|ARM
		{00A48DFF-2499-445E-B1EC-ED8BA335A6EB}.AppStore|ARM.Deploy.0 = Release|ARM
		{00A48DFF-2499-445E-B1EC-ED8BA335A6EB}.AppStore|iPhone.ActiveCfg = Release|x86
		{00A48DFF-2499-445E-B1EC-ED8BA335A6EB}.AppStore|iPhone.Build.0 = Release|x86
		{00A48DFF-2499-445E-B1EC-ED8BA335A6EB}.AppStore|iPhone.Deploy.0 = Release|x86
		{00A48DFF-2499-445E-B1EC-ED8BA335A6EB}.AppStore|iPhoneSimulator.ActiveCfg = Release|x86
		{00A48DFF-2499-445E-B1EC-ED8BA335A6EB}.AppStore|iPhoneSimulator.Build.0 = Release|x86
		{00A48DFF-2499-445E-B1EC-ED8BA335A6EB}.AppStore|iPhoneSimulator.Deploy.0 = Release|x86
		{00A48DFF-2499-445E-B1EC-ED8BA335A6EB}.AppStore|x64.ActiveCfg = Release|x64
		{00A48DFF-2499-445E-B1EC-ED8BA335A6EB}.AppStore|x64.Build.0 = Release|x64
		{00A48DFF-2499-445E-B1EC-ED8BA335A6EB}.AppStore|x64.Deploy.0 = Release|x64
		{00A48DFF-2499-445E-B1EC-ED8BA335A6EB}.AppStore|x86.ActiveCfg = Release|x86
		{00A48DFF-2499-445E-B1EC-ED8BA335A6EB}.AppStore|x86.Build.0 = Release|x86
		{00A48DFF-2499-445E-B1EC-ED8BA335A6EB}.AppStore|x86.Deploy.0 = Release|x86
		{00A48DFF-2499-445E-B1EC-ED8BA335A6EB}.Debug|Any CPU.ActiveCfg = Debug|x86
		{00A48DFF-2499-445E-B1EC-ED8BA335A6EB}.Debug|ARM.ActiveCfg = Debug|ARM
		{00A48DFF-2499-445E-B1EC-ED8BA335A6EB}.Debug|ARM.Build.0 = Debug|ARM
		{00A48DFF-2499-445E-B1EC-ED8BA335A6EB}.Debug|ARM.Deploy.0 = Debug|ARM
		{00A48DFF-2499-445E-B1EC-ED8BA335A6EB}.Debug|iPhone.ActiveCfg = Debug|x86
		{00A48DFF-2499-445E-B1EC-ED8BA335A6EB}.Debug|iPhoneSimulator.ActiveCfg = Debug|x86
		{00A48DFF-2499-445E-B1EC-ED8BA335A6EB}.Debug|x64.ActiveCfg = Debug|x64
		{00A48DFF-2499-445E-B1EC-ED8BA335A6EB}.Debug|x64.Build.0 = Debug|x64
		{00A48DFF-2499-445E-B1EC-ED8BA335A6EB}.Debug|x64.Deploy.0 = Debug|x64
		{00A48DFF-2499-445E-B1EC-ED8BA335A6EB}.Debug|x86.ActiveCfg = Debug|x86
		{00A48DFF-2499-445E-B1EC-ED8BA335A6EB}.Debug|x86.Build.0 = Debug|x86
		{00A48DFF-2499-445E-B1EC-ED8BA335A6EB}.Debug|x86.Deploy.0 = Debug|x86
		{00A48DFF-2499-445E-B1EC-ED8BA335A6EB}.Release|Any CPU.ActiveCfg = Release|x86
		{00A48DFF-2499-445E-B1EC-ED8BA335A6EB}.Release|ARM.ActiveCfg = Release|ARM
		{00A48DFF-2499-445E-B1EC-ED8BA335A6EB}.Release|ARM.Build.0 = Release|ARM
		{00A48DFF-2499-445E-B1EC-ED8BA335A6EB}.Release|ARM.Deploy.0 = Release|ARM
		{00A48DFF-2499-445E-B1EC-ED8BA335A6EB}.Release|iPhone.ActiveCfg = Release|x86
		{00A48DFF-2499-445E-B1EC-ED8BA335A6EB}.Release|iPhoneSimulator.ActiveCfg = Release|x86
		{00A48DFF-2499-445E-B1EC-ED8BA335A6EB}.Release|x64.ActiveCfg = Release|x64
		{00A48DFF-2499-445E-B1EC-ED8BA335A6EB}.Release|x64.Build.0 = Release|x64
		{00A48DFF-2499-445E-B1EC-ED8BA335A6EB}.Release|x64.Deploy.0 = Release|x64
		{00A48DFF-2499-445E-B1EC-ED8BA335A6EB}.Release|x86.ActiveCfg = Release|x86
		{00A48DFF-2499-445E-B1EC-ED8BA335A6EB}.Release|x86.Build.0 = Release|x86
		{00A48DFF-2499-445E-B1EC-ED8BA335A6EB}.Release|x86.Deploy.0 = Release|x86
		{A83C3DB7-5CD0-4733-9FBB-A0215775483B}.Ad-Hoc|Any CPU.ActiveCfg = Debug|Any CPU
		{A83C3DB7-5CD0-4733-9FBB-A0215775483B}.Ad-Hoc|Any CPU.Build.0 = Debug|Any CPU
		{A83C3DB7-5CD0-4733-9FBB-A0215775483B}.Ad-Hoc|ARM.ActiveCfg = Debug|Any CPU
		{A83C3DB7-5CD0-4733-9FBB-A0215775483B}.Ad-Hoc|ARM.Build.0 = Debug|Any CPU
		{A83C3DB7-5CD0-4733-9FBB-A0215775483B}.Ad-Hoc|iPhone.ActiveCfg = Debug|Any CPU
		{A83C3DB7-5CD0-4733-9FBB-A0215775483B}.Ad-Hoc|iPhone.Build.0 = Debug|Any CPU
		{A83C3DB7-5CD0-4733-9FBB-A0215775483B}.Ad-Hoc|iPhoneSimulator.ActiveCfg = Debug|Any CPU
		{A83C3DB7-5CD0-4733-9FBB-A0215775483B}.Ad-Hoc|iPhoneSimulator.Build.0 = Debug|Any CPU
		{A83C3DB7-5CD0-4733-9FBB-A0215775483B}.Ad-Hoc|x64.ActiveCfg = Debug|Any CPU
		{A83C3DB7-5CD0-4733-9FBB-A0215775483B}.Ad-Hoc|x64.Build.0 = Debug|Any CPU
		{A83C3DB7-5CD0-4733-9FBB-A0215775483B}.Ad-Hoc|x86.ActiveCfg = Debug|Any CPU
		{A83C3DB7-5CD0-4733-9FBB-A0215775483B}.Ad-Hoc|x86.Build.0 = Debug|Any CPU
		{A83C3DB7-5CD0-4733-9FBB-A0215775483B}.AppStore|Any CPU.ActiveCfg = Debug|Any CPU
		{A83C3DB7-5CD0-4733-9FBB-A0215775483B}.AppStore|Any CPU.Build.0 = Debug|Any CPU
		{A83C3DB7-5CD0-4733-9FBB-A0215775483B}.AppStore|ARM.ActiveCfg = Debug|Any CPU
		{A83C3DB7-5CD0-4733-9FBB-A0215775483B}.AppStore|ARM.Build.0 = Debug|Any CPU
		{A83C3DB7-5CD0-4733-9FBB-A0215775483B}.AppStore|iPhone.ActiveCfg = Debug|Any CPU
		{A83C3DB7-5CD0-4733-9FBB-A0215775483B}.AppStore|iPhone.Build.0 = Debug|Any CPU
		{A83C3DB7-5CD0-4733-9FBB-A0215775483B}.AppStore|iPhoneSimulator.ActiveCfg = Debug|Any CPU
		{A83C3DB7-5CD0-4733-9FBB-A0215775483B}.AppStore|iPhoneSimulator.Build.0 = Debug|Any CPU
		{A83C3DB7-5CD0-4733-9FBB-A0215775483B}.AppStore|x64.ActiveCfg = Debug|Any CPU
		{A83C3DB7-5CD0-4733-9FBB-A0215775483B}.AppStore|x64.Build.0 = Debug|Any CPU
		{A83C3DB7-5CD0-4733-9FBB-A0215775483B}.AppStore|x86.ActiveCfg = Debug|Any CPU
		{A83C3DB7-5CD0-4733-9FBB-A0215775483B}.AppStore|x86.Build.0 = Debug|Any CPU
		{A83C3DB7-5CD0-4733-9FBB-A0215775483B}.Debug|Any CPU.ActiveCfg = Debug|Any CPU
		{A83C3DB7-5CD0-4733-9FBB-A0215775483B}.Debug|Any CPU.Build.0 = Debug|Any CPU
		{A83C3DB7-5CD0-4733-9FBB-A0215775483B}.Debug|ARM.ActiveCfg = Debug|Any CPU
		{A83C3DB7-5CD0-4733-9FBB-A0215775483B}.Debug|ARM.Build.0 = Debug|Any CPU
		{A83C3DB7-5CD0-4733-9FBB-A0215775483B}.Debug|iPhone.ActiveCfg = Debug|Any CPU
		{A83C3DB7-5CD0-4733-9FBB-A0215775483B}.Debug|iPhone.Build.0 = Debug|Any CPU
		{A83C3DB7-5CD0-4733-9FBB-A0215775483B}.Debug|iPhoneSimulator.ActiveCfg = Debug|Any CPU
		{A83C3DB7-5CD0-4733-9FBB-A0215775483B}.Debug|iPhoneSimulator.Build.0 = Debug|Any CPU
		{A83C3DB7-5CD0-4733-9FBB-A0215775483B}.Debug|x64.ActiveCfg = Debug|Any CPU
		{A83C3DB7-5CD0-4733-9FBB-A0215775483B}.Debug|x64.Build.0 = Debug|Any CPU
		{A83C3DB7-5CD0-4733-9FBB-A0215775483B}.Debug|x86.ActiveCfg = Debug|Any CPU
		{A83C3DB7-5CD0-4733-9FBB-A0215775483B}.Debug|x86.Build.0 = Debug|Any CPU
		{A83C3DB7-5CD0-4733-9FBB-A0215775483B}.Release|Any CPU.ActiveCfg = Release|Any CPU
		{A83C3DB7-5CD0-4733-9FBB-A0215775483B}.Release|Any CPU.Build.0 = Release|Any CPU
		{A83C3DB7-5CD0-4733-9FBB-A0215775483B}.Release|ARM.ActiveCfg = Release|Any CPU
		{A83C3DB7-5CD0-4733-9FBB-A0215775483B}.Release|ARM.Build.0 = Release|Any CPU
		{A83C3DB7-5CD0-4733-9FBB-A0215775483B}.Release|iPhone.ActiveCfg = Release|Any CPU
		{A83C3DB7-5CD0-4733-9FBB-A0215775483B}.Release|iPhone.Build.0 = Release|Any CPU
		{A83C3DB7-5CD0-4733-9FBB-A0215775483B}.Release|iPhoneSimulator.ActiveCfg = Release|Any CPU
		{A83C3DB7-5CD0-4733-9FBB-A0215775483B}.Release|iPhoneSimulator.Build.0 = Release|Any CPU
		{A83C3DB7-5CD0-4733-9FBB-A0215775483B}.Release|x64.ActiveCfg = Release|Any CPU
		{A83C3DB7-5CD0-4733-9FBB-A0215775483B}.Release|x64.Build.0 = Release|Any CPU
		{A83C3DB7-5CD0-4733-9FBB-A0215775483B}.Release|x86.ActiveCfg = Release|Any CPU
		{A83C3DB7-5CD0-4733-9FBB-A0215775483B}.Release|x86.Build.0 = Release|Any CPU
	EndGlobalSection
	GlobalSection(SolutionProperties) = preSolution
		HideSolutionNode = FALSE
	EndGlobalSection
	GlobalSection(ExtensibilityGlobals) = postSolution
		SolutionGuid = {2C23A07E-CEFE-4042-8725-EABBC9CD613F}
	EndGlobalSection
EndGlobal
